// !$*UTF8*$!
{
	archiveVersion = 1;
	classes = {
	};
	objectVersion = 46;
	objects = {

/* Begin PBXBuildFile section */
		30558FA21CBED4450090D6A1 /* AppDelegate.swift in Sources */ = {isa = PBXBuildFile; fileRef = 30558FA11CBED4450090D6A1 /* AppDelegate.swift */; };
		30558FA41CBED4450090D6A1 /* ViewController.swift in Sources */ = {isa = PBXBuildFile; fileRef = 30558FA31CBED4450090D6A1 /* ViewController.swift */; };
		30558FA71CBED4450090D6A1 /* Main.storyboard in Resources */ = {isa = PBXBuildFile; fileRef = 30558FA51CBED4450090D6A1 /* Main.storyboard */; };
		30558FA91CBED4450090D6A1 /* Assets.xcassets in Resources */ = {isa = PBXBuildFile; fileRef = 30558FA81CBED4450090D6A1 /* Assets.xcassets */; };
		30558FAC1CBED4450090D6A1 /* LaunchScreen.storyboard in Resources */ = {isa = PBXBuildFile; fileRef = 30558FAA1CBED4450090D6A1 /* LaunchScreen.storyboard */; };
		30558FB71CBED4450090D6A1 /* PitchPerfect2Tests.swift in Sources */ = {isa = PBXBuildFile; fileRef = 30558FB61CBED4450090D6A1 /* PitchPerfect2Tests.swift */; };
		30558FC21CBED4450090D6A1 /* PitchPerfect2UITests.swift in Sources */ = {isa = PBXBuildFile; fileRef = 30558FC11CBED4450090D6A1 /* PitchPerfect2UITests.swift */; };
/* End PBXBuildFile section */

/* Begin PBXContainerItemProxy section */
		30558FB31CBED4450090D6A1 /* PBXContainerItemProxy */ = {
			isa = PBXContainerItemProxy;
			containerPortal = 30558F961CBED4450090D6A1 /* Project object */;
			proxyType = 1;
			remoteGlobalIDString = 30558F9D1CBED4450090D6A1;
			remoteInfo = PitchPerfect2;
		};
		30558FBE1CBED4450090D6A1 /* PBXContainerItemProxy */ = {
			isa = PBXContainerItemProxy;
			containerPortal = 30558F961CBED4450090D6A1 /* Project object */;
			proxyType = 1;
			remoteGlobalIDString = 30558F9D1CBED4450090D6A1;
			remoteInfo = PitchPerfect2;
		};
/* End PBXContainerItemProxy section */

/* Begin PBXFileReference section */
		30558F9E1CBED4450090D6A1 /* PitchPerfect2.app */ = {isa = PBXFileReference; explicitFileType = wrapper.application; includeInIndex = 0; path = PitchPerfect2.app; sourceTree = BUILT_PRODUCTS_DIR; };
		30558FA11CBED4450090D6A1 /* AppDelegate.swift */ = {isa = PBXFileReference; lastKnownFileType = sourcecode.swift; path = AppDelegate.swift; sourceTree = "<group>"; };
		30558FA31CBED4450090D6A1 /* ViewController.swift */ = {isa = PBXFileReference; lastKnownFileType = sourcecode.swift; path = ViewController.swift; sourceTree = "<group>"; };
		30558FA61CBED4450090D6A1 /* Base */ = {isa = PBXFileReference; lastKnownFileType = file.storyboard; name = Base; path = Base.lproj/Main.storyboard; sourceTree = "<group>"; };
		30558FA81CBED4450090D6A1 /* Assets.xcassets */ = {isa = PBXFileReference; lastKnownFileType = folder.assetcatalog; path = Assets.xcassets; sourceTree = "<group>"; };
		30558FAB1CBED4450090D6A1 /* Base */ = {isa = PBXFileReference; lastKnownFileType = file.storyboard; name = Base; path = Base.lproj/LaunchScreen.storyboard; sourceTree = "<group>"; };
		30558FAD1CBED4450090D6A1 /* Info.plist */ = {isa = PBXFileReference; lastKnownFileType = text.plist.xml; path = Info.plist; sourceTree = "<group>"; };
		30558FB21CBED4450090D6A1 /* PitchPerfect2Tests.xctest */ = {isa = PBXFileReference; explicitFileType = wrapper.cfbundle; includeInIndex = 0; path = PitchPerfect2Tests.xctest; sourceTree = BUILT_PRODUCTS_DIR; };
		30558FB61CBED4450090D6A1 /* PitchPerfect2Tests.swift */ = {isa = PBXFileReference; lastKnownFileType = sourcecode.swift; path = PitchPerfect2Tests.swift; sourceTree = "<group>"; };
		30558FB81CBED4450090D6A1 /* Info.plist */ = {isa = PBXFileReference; lastKnownFileType = text.plist.xml; path = Info.plist; sourceTree = "<group>"; };
		30558FBD1CBED4450090D6A1 /* PitchPerfect2UITests.xctest */ = {isa = PBXFileReference; explicitFileType = wrapper.cfbundle; includeInIndex = 0; path = PitchPerfect2UITests.xctest; sourceTree = BUILT_PRODUCTS_DIR; };
		30558FC11CBED4450090D6A1 /* PitchPerfect2UITests.swift */ = {isa = PBXFileReference; lastKnownFileType = sourcecode.swift; path = PitchPerfect2UITests.swift; sourceTree = "<group>"; };
		30558FC31CBED4450090D6A1 /* Info.plist */ = {isa = PBXFileReference; lastKnownFileType = text.plist.xml; path = Info.plist; sourceTree = "<group>"; };
/* End PBXFileReference section */

/* Begin PBXFrameworksBuildPhase section */
		30558F9B1CBED4450090D6A1 /* Frameworks */ = {
			isa = PBXFrameworksBuildPhase;
			buildActionMask = 2147483647;
			files = (
			);
			runOnlyForDeploymentPostprocessing = 0;
		};
		30558FAF1CBED4450090D6A1 /* Frameworks */ = {
			isa = PBXFrameworksBuildPhase;
			buildActionMask = 2147483647;
			files = (
			);
			runOnlyForDeploymentPostprocessing = 0;
		};
		30558FBA1CBED4450090D6A1 /* Frameworks */ = {
			isa = PBXFrameworksBuildPhase;
			buildActionMask = 2147483647;
			files = (
			);
			runOnlyForDeploymentPostprocessing = 0;
		};
/* End PBXFrameworksBuildPhase section */

/* Begin PBXGroup section */
		30558F951CBED4450090D6A1 = {
			isa = PBXGroup;
			children = (
				30558FA01CBED4450090D6A1 /* PitchPerfect2 */,
				30558FB51CBED4450090D6A1 /* PitchPerfect2Tests */,
				30558FC01CBED4450090D6A1 /* PitchPerfect2UITests */,
				30558F9F1CBED4450090D6A1 /* Products */,
			);
			sourceTree = "<group>";
		};
		30558F9F1CBED4450090D6A1 /* Products */ = {
			isa = PBXGroup;
			children = (
				30558F9E1CBED4450090D6A1 /* PitchPerfect2.app */,
				30558FB21CBED4450090D6A1 /* PitchPerfect2Tests.xctest */,
				30558FBD1CBED4450090D6A1 /* PitchPerfect2UITests.xctest */,
			);
			name = Products;
			sourceTree = "<group>";
		};
		30558FA01CBED4450090D6A1 /* PitchPerfect2 */ = {
			isa = PBXGroup;
			children = (
				30558FA11CBED4450090D6A1 /* AppDelegate.swift */,
				30558FA31CBED4450090D6A1 /* ViewController.swift */,
				30558FA51CBED4450090D6A1 /* Main.storyboard */,
				30558FA81CBED4450090D6A1 /* Assets.xcassets */,
				30558FAA1CBED4450090D6A1 /* LaunchScreen.storyboard */,
				30558FAD1CBED4450090D6A1 /* Info.plist */,
			);
			path = PitchPerfect2;
			sourceTree = "<group>";
		};
		30558FB51CBED4450090D6A1 /* PitchPerfect2Tests */ = {
			isa = PBXGroup;
			children = (
				30558FB61CBED4450090D6A1 /* PitchPerfect2Tests.swift */,
				30558FB81CBED4450090D6A1 /* Info.plist */,
			);
			path = PitchPerfect2Tests;
			sourceTree = "<group>";
		};
		30558FC01CBED4450090D6A1 /* PitchPerfect2UITests */ = {
			isa = PBXGroup;
			children = (
				30558FC11CBED4450090D6A1 /* PitchPerfect2UITests.swift */,
				30558FC31CBED4450090D6A1 /* Info.plist */,
			);
			path = PitchPerfect2UITests;
			sourceTree = "<group>";
		};
/* End PBXGroup section */

/* Begin PBXNativeTarget section */
		30558F9D1CBED4450090D6A1 /* PitchPerfect2 */ = {
			isa = PBXNativeTarget;
			buildConfigurationList = 30558FC61CBED4450090D6A1 /* Build configuration list for PBXNativeTarget "PitchPerfect2" */;
			buildPhases = (
				30558F9A1CBED4450090D6A1 /* Sources */,
				30558F9B1CBED4450090D6A1 /* Frameworks */,
				30558F9C1CBED4450090D6A1 /* Resources */,
			);
			buildRules = (
			);
			dependencies = (
			);
			name = PitchPerfect2;
			productName = PitchPerfect2;
			productReference = 30558F9E1CBED4450090D6A1 /* PitchPerfect2.app */;
			productType = "com.apple.product-type.application";
		};
		30558FB11CBED4450090D6A1 /* PitchPerfect2Tests */ = {
			isa = PBXNativeTarget;
			buildConfigurationList = 30558FC91CBED4450090D6A1 /* Build configuration list for PBXNativeTarget "PitchPerfect2Tests" */;
			buildPhases = (
				30558FAE1CBED4450090D6A1 /* Sources */,
				30558FAF1CBED4450090D6A1 /* Frameworks */,
				30558FB01CBED4450090D6A1 /* Resources */,
			);
			buildRules = (
			);
			dependencies = (
				30558FB41CBED4450090D6A1 /* PBXTargetDependency */,
			);
			name = PitchPerfect2Tests;
			productName = PitchPerfect2Tests;
			productReference = 30558FB21CBED4450090D6A1 /* PitchPerfect2Tests.xctest */;
			productType = "com.apple.product-type.bundle.unit-test";
		};
		30558FBC1CBED4450090D6A1 /* PitchPerfect2UITests */ = {
			isa = PBXNativeTarget;
			buildConfigurationList = 30558FCC1CBED4450090D6A1 /* Build configuration list for PBXNativeTarget "PitchPerfect2UITests" */;
			buildPhases = (
				30558FB91CBED4450090D6A1 /* Sources */,
				30558FBA1CBED4450090D6A1 /* Frameworks */,
				30558FBB1CBED4450090D6A1 /* Resources */,
			);
			buildRules = (
			);
			dependencies = (
				30558FBF1CBED4450090D6A1 /* PBXTargetDependency */,
			);
			name = PitchPerfect2UITests;
			productName = PitchPerfect2UITests;
			productReference = 30558FBD1CBED4450090D6A1 /* PitchPerfect2UITests.xctest */;
			productType = "com.apple.product-type.bundle.ui-testing";
		};
/* End PBXNativeTarget section */

/* Begin PBXProject section */
		30558F961CBED4450090D6A1 /* Project object */ = {
			isa = PBXProject;
			attributes = {
				LastSwiftUpdateCheck = 0730;
				LastUpgradeCheck = 0730;
				ORGANIZATIONNAME = "Roman Ustiantcev";
				TargetAttributes = {
					30558F9D1CBED4450090D6A1 = {
						CreatedOnToolsVersion = 7.3;
						DevelopmentTeam = NVMU6WZ9AZ;
					};
					30558FB11CBED4450090D6A1 = {
						CreatedOnToolsVersion = 7.3;
						DevelopmentTeam = NVMU6WZ9AZ;
						TestTargetID = 30558F9D1CBED4450090D6A1;
					};
					30558FBC1CBED4450090D6A1 = {
						CreatedOnToolsVersion = 7.3;
						DevelopmentTeam = NVMU6WZ9AZ;
						TestTargetID = 30558F9D1CBED4450090D6A1;
					};
				};
			};
			buildConfigurationList = 30558F991CBED4450090D6A1 /* Build configuration list for PBXProject "PitchPerfect2" */;
			compatibilityVersion = "Xcode 3.2";
			developmentRegion = English;
			hasScannedForEncodings = 0;
			knownRegions = (
				en,
				Base,
			);
			mainGroup = 30558F951CBED4450090D6A1;
			productRefGroup = 30558F9F1CBED4450090D6A1 /* Products */;
			projectDirPath = "";
			projectRoot = "";
			targets = (
				30558F9D1CBED4450090D6A1 /* PitchPerfect2 */,
				30558FB11CBED4450090D6A1 /* PitchPerfect2Tests */,
				30558FBC1CBED4450090D6A1 /* PitchPerfect2UITests */,
			);
		};
/* End PBXProject section */

/* Begin PBXResourcesBuildPhase section */
		30558F9C1CBED4450090D6A1 /* Resources */ = {
			isa = PBXResourcesBuildPhase;
			buildActionMask = 2147483647;
			files = (
				30558FAC1CBED4450090D6A1 /* LaunchScreen.storyboard in Resources */,
				30558FA91CBED4450090D6A1 /* Assets.xcassets in Resources */,
				30558FA71CBED4450090D6A1 /* Main.storyboard in Resources */,
			);
			runOnlyForDeploymentPostprocessing = 0;
		};
		30558FB01CBED4450090D6A1 /* Resources */ = {
			isa = PBXResourcesBuildPhase;
			buildActionMask = 2147483647;
			files = (
			);
			runOnlyForDeploymentPostprocessing = 0;
		};
		30558FBB1CBED4450090D6A1 /* Resources */ = {
			isa = PBXResourcesBuildPhase;
			buildActionMask = 2147483647;
			files = (
			);
			runOnlyForDeploymentPostprocessing = 0;
		};
/* End PBXResourcesBuildPhase section */

/* Begin PBXSourcesBuildPhase section */
		30558F9A1CBED4450090D6A1 /* Sources */ = {
			isa = PBXSourcesBuildPhase;
			buildActionMask = 2147483647;
			files = (
				30558FA41CBED4450090D6A1 /* ViewController.swift in Sources */,
				30558FA21CBED4450090D6A1 /* AppDelegate.swift in Sources */,
			);
			runOnlyForDeploymentPostprocessing = 0;
		};
		30558FAE1CBED4450090D6A1 /* Sources */ = {
			isa = PBXSourcesBuildPhase;
			buildActionMask = 2147483647;
			files = (
				30558FB71CBED4450090D6A1 /* PitchPerfect2Tests.swift in Sources */,
			);
			runOnlyForDeploymentPostprocessing = 0;
		};
		30558FB91CBED4450090D6A1 /* Sources */ = {
			isa = PBXSourcesBuildPhase;
			buildActionMask = 2147483647;
			files = (
				30558FC21CBED4450090D6A1 /* PitchPerfect2UITests.swift in Sources */,
			);
			runOnlyForDeploymentPostprocessing = 0;
		};
/* End PBXSourcesBuildPhase section */

/* Begin PBXTargetDependency section */
		30558FB41CBED4450090D6A1 /* PBXTargetDependency */ = {
			isa = PBXTargetDependency;
			target = 30558F9D1CBED4450090D6A1 /* PitchPerfect2 */;
			targetProxy = 30558FB31CBED4450090D6A1 /* PBXContainerItemProxy */;
		};
		30558FBF1CBED4450090D6A1 /* PBXTargetDependency */ = {
			isa = PBXTargetDependency;
			target = 30558F9D1CBED4450090D6A1 /* PitchPerfect2 */;
			targetProxy = 30558FBE1CBED4450090D6A1 /* PBXContainerItemProxy */;
		};
/* End PBXTargetDependency section */

/* Begin PBXVariantGroup section */
		30558FA51CBED4450090D6A1 /* Main.storyboard */ = {
			isa = PBXVariantGroup;
			children = (
				30558FA61CBED4450090D6A1 /* Base */,
			);
			name = Main.storyboard;
			sourceTree = "<group>";
		};
		30558FAA1CBED4450090D6A1 /* LaunchScreen.storyboard */ = {
			isa = PBXVariantGroup;
			children = (
				30558FAB1CBED4450090D6A1 /* Base */,
			);
			name = LaunchScreen.storyboard;
			sourceTree = "<group>";
		};
/* End PBXVariantGroup section */

/* Begin XCBuildConfiguration section */
		30558FC41CBED4450090D6A1 /* Debug */ = {
			isa = XCBuildConfiguration;
			buildSettings = {
				ALWAYS_SEARCH_USER_PATHS = NO;
				CLANG_ANALYZER_NONNULL = YES;
				CLANG_CXX_LANGUAGE_STANDARD = "gnu++0x";
				CLANG_CXX_LIBRARY = "libc++";
				CLANG_ENABLE_MODULES = YES;
				CLANG_ENABLE_OBJC_ARC = YES;
				CLANG_WARN_BOOL_CONVERSION = YES;
				CLANG_WARN_CONSTANT_CONVERSION = YES;
				CLANG_WARN_DIRECT_OBJC_ISA_USAGE = YES_ERROR;
				CLANG_WARN_EMPTY_BODY = YES;
				CLANG_WARN_ENUM_CONVERSION = YES;
				CLANG_WARN_INT_CONVERSION = YES;
				CLANG_WARN_OBJC_ROOT_CLASS = YES_ERROR;
				CLANG_WARN_UNREACHABLE_CODE = YES;
				CLANG_WARN__DUPLICATE_METHOD_MATCH = YES;
				"CODE_SIGN_IDENTITY[sdk=iphoneos*]" = "iPhone Developer";
				COPY_PHASE_STRIP = NO;
				DEBUG_INFORMATION_FORMAT = dwarf;
				ENABLE_STRICT_OBJC_MSGSEND = YES;
				ENABLE_TESTABILITY = YES;
				GCC_C_LANGUAGE_STANDARD = gnu99;
				GCC_DYNAMIC_NO_PIC = NO;
				GCC_NO_COMMON_BLOCKS = YES;
				GCC_OPTIMIZATION_LEVEL = 0;
				GCC_PREPROCESSOR_DEFINITIONS = (
					"DEBUG=1",
					"$(inherited)",
				);
				GCC_WARN_64_TO_32_BIT_CONVERSION = YES;
				GCC_WARN_ABOUT_RETURN_TYPE = YES_ERROR;
				GCC_WARN_UNDECLARED_SELECTOR = YES;
				GCC_WARN_UNINITIALIZED_AUTOS = YES_AGGRESSIVE;
				GCC_WARN_UNUSED_FUNCTION = YES;
				GCC_WARN_UNUSED_VARIABLE = YES;
				IPHONEOS_DEPLOYMENT_TARGET = 9.3;
				MTL_ENABLE_DEBUG_INFO = YES;
				ONLY_ACTIVE_ARCH = YES;
				SDKROOT = iphoneos;
				SWIFT_OPTIMIZATION_LEVEL = "-Onone";
				TARGETED_DEVICE_FAMILY = "1,2";
			};
			name = Debug;
		};
		30558FC51CBED4450090D6A1 /* Release */ = {
			isa = XCBuildConfiguration;
			buildSettings = {
				ALWAYS_SEARCH_USER_PATHS = NO;
				CLANG_ANALYZER_NONNULL = YES;
				CLANG_CXX_LANGUAGE_STANDARD = "gnu++0x";
				CLANG_CXX_LIBRARY = "libc++";
				CLANG_ENABLE_MODULES = YES;
				CLANG_ENABLE_OBJC_ARC = YES;
				CLANG_WARN_BOOL_CONVERSION = YES;
				CLANG_WARN_CONSTANT_CONVERSION = YES;
				CLANG_WARN_DIRECT_OBJC_ISA_USAGE = YES_ERROR;
				CLANG_WARN_EMPTY_BODY = YES;
				CLANG_WARN_ENUM_CONVERSION = YES;
				CLANG_WARN_INT_CONVERSION = YES;
				CLANG_WARN_OBJC_ROOT_CLASS = YES_ERROR;
				CLANG_WARN_UNREACHABLE_CODE = YES;
				CLANG_WARN__DUPLICATE_METHOD_MATCH = YES;
				"CODE_SIGN_IDENTITY[sdk=iphoneos*]" = "iPhone Developer";
				COPY_PHASE_STRIP = NO;
				DEBUG_INFORMATION_FORMAT = "dwarf-with-dsym";
				ENABLE_NS_ASSERTIONS = NO;
				ENABLE_STRICT_OBJC_MSGSEND = YES;
				GCC_C_LANGUAGE_STANDARD = gnu99;
				GCC_NO_COMMON_BLOCKS = YES;
				GCC_WARN_64_TO_32_BIT_CONVERSION = YES;
				GCC_WARN_ABOUT_RETURN_TYPE = YES_ERROR;
				GCC_WARN_UNDECLARED_SELECTOR = YES;
				GCC_WARN_UNINITIALIZED_AUTOS = YES_AGGRESSIVE;
				GCC_WARN_UNUSED_FUNCTION = YES;
				GCC_WARN_UNUSED_VARIABLE = YES;
				IPHONEOS_DEPLOYMENT_TARGET = 9.3;
				MTL_ENABLE_DEBUG_INFO = NO;
				SDKROOT = iphoneos;
				TARGETED_DEVICE_FAMILY = "1,2";
				VALIDATE_PRODUCT = YES;
			};
			name = Release;
		};
		30558FC71CBED4450090D6A1 /* Debug */ = {
			isa = XCBuildConfiguration;
			buildSettings = {
				ASSETCATALOG_COMPILER_APPICON_NAME = AppIcon;
				INFOPLIST_FILE = PitchPerfect2/Info.plist;
				LD_RUNPATH_SEARCH_PATHS = "$(inherited) @executable_path/Frameworks";
				PRODUCT_BUNDLE_IDENTIFIER = "com.ra-portfolio.PitchPerfect2";
				PRODUCT_NAME = "$(TARGET_NAME)";
			};
			name = Debug;
		};
		30558FC81CBED4450090D6A1 /* Release */ = {
			isa = XCBuildConfiguration;
			buildSettings = {
				ASSETCATALOG_COMPILER_APPICON_NAME = AppIcon;
				INFOPLIST_FILE = PitchPerfect2/Info.plist;
				LD_RUNPATH_SEARCH_PATHS = "$(inherited) @executable_path/Frameworks";
				PRODUCT_BUNDLE_IDENTIFIER = "com.ra-portfolio.PitchPerfect2";
				PRODUCT_NAME = "$(TARGET_NAME)";
			};
			name = Release;
		};
		30558FCA1CBED4450090D6A1 /* Debug */ = {
			isa = XCBuildConfiguration;
			buildSettings = {
				BUNDLE_LOADER = "$(TEST_HOST)";
				INFOPLIST_FILE = PitchPerfect2Tests/Info.plist;
				LD_RUNPATH_SEARCH_PATHS = "$(inherited) @executable_path/Frameworks @loader_path/Frameworks";
				PRODUCT_BUNDLE_IDENTIFIER = "com.ra-portfolio.PitchPerfect2Tests";
				PRODUCT_NAME = "$(TARGET_NAME)";
				TEST_HOST = "$(BUILT_PRODUCTS_DIR)/PitchPerfect2.app/PitchPerfect2";
			};
			name = Debug;
		};
		30558FCB1CBED4450090D6A1 /* Release */ = {
			isa = XCBuildConfiguration;
			buildSettings = {
				BUNDLE_LOADER = "$(TEST_HOST)";
				INFOPLIST_FILE = PitchPerfect2Tests/Info.plist;
				LD_RUNPATH_SEARCH_PATHS = "$(inherited) @executable_path/Frameworks @loader_path/Frameworks";
				PRODUCT_BUNDLE_IDENTIFIER = "com.ra-portfolio.PitchPerfect2Tests";
				PRODUCT_NAME = "$(TARGET_NAME)";
				TEST_HOST = "$(BUILT_PRODUCTS_DIR)/PitchPerfect2.app/PitchPerfect2";
			};
			name = Release;
		};
		30558FCD1CBED4450090D6A1 /* Debug */ = {
			isa = XCBuildConfiguration;
			buildSettings = {
				INFOPLIST_FILE = PitchPerfect2UITests/Info.plist;
				LD_RUNPATH_SEARCH_PATHS = "$(inherited) @executable_path/Frameworks @loader_path/Frameworks";
				PRODUCT_BUNDLE_IDENTIFIER = "com.ra-portfolio.PitchPerfect2UITests";
				PRODUCT_NAME = "$(TARGET_NAME)";
				TEST_TARGET_NAME = PitchPerfect2;
			};
			name = Debug;
		};
		30558FCE1CBED4450090D6A1 /* Release */ = {
			isa = XCBuildConfiguration;
			buildSettings = {
				INFOPLIST_FILE = PitchPerfect2UITests/Info.plist;
				LD_RUNPATH_SEARCH_PATHS = "$(inherited) @executable_path/Frameworks @loader_path/Frameworks";
				PRODUCT_BUNDLE_IDENTIFIER = "com.ra-portfolio.PitchPerfect2UITests";
				PRODUCT_NAME = "$(TARGET_NAME)";
				TEST_TARGET_NAME = PitchPerfect2;
			};
			name = Release;
		};
/* End XCBuildConfiguration section */

/* Begin XCConfigurationList section */
		30558F991CBED4450090D6A1 /* Build configuration list for PBXProject "PitchPerfect2" */ = {
			isa = XCConfigurationList;
			buildConfigurations = (
				30558FC41CBED4450090D6A1 /* Debug */,
				30558FC51CBED4450090D6A1 /* Release */,
			);
			defaultConfigurationIsVisible = 0;
			defaultConfigurationName = Release;
		};
		30558FC61CBED4450090D6A1 /* Build configuration list for PBXNativeTarget "PitchPerfect2" */ = {
			isa = XCConfigurationList;
			buildConfigurations = (
				30558FC71CBED4450090D6A1 /* Debug */,
				30558FC81CBED4450090D6A1 /* Release */,
			);
			defaultConfigurationIsVisible = 0;
		};
		30558FC91CBED4450090D6A1 /* Build configuration list for PBXNativeTarget "PitchPerfect2Tests" */ = {
			isa = XCConfigurationList;
			buildConfigurations = (
				30558FCA1CBED4450090D6A1 /* Debug */,
				30558FCB1CBED4450090D6A1 /* Release */,
			);
			defaultConfigurationIsVisible = 0;
		};
		30558FCC1CBED4450090D6A1 /* Build configuration list for PBXNativeTarget "PitchPerfect2UITests" */ = {
			isa = XCConfigurationList;
			buildConfigurations = (
				30558FCD1CBED4450090D6A1 /* Debug */,
				30558FCE1CBED4450090D6A1 /* Release */,
			);
			defaultConfigurationIsVisible = 0;
		};
/* End XCConfigurationList section */
	};
	rootObject = 30558F961CBED4450090D6A1 /* Project object */;
}
